uuid: 20866dbd-473a-415b-8c1a-3276061c395c
langcode: en
status: true
dependencies:
  module:
    - rsvplist
  theme:
    - bartik
id: rsvpblock
theme: bartik
region: sidebar_first
weight: -5
provider: null
plugin: rsvp_block
settings:
  id: rsvp_block
  label: 'RSVP Block'
  label_display: visible
  provider: rsvplist
visibility: {  }
